
Microsoft Visual Studio Solution File, Format Version 12.00
# Visual Studio Version 16
VisualStudioVersion = 16.0.33423.256
MinimumVisualStudioVersion = 10.0.40219.1
Project("{8BC9CEB8-8B4A-11D0-8D11-00A0C91BC942}") = "Project Pikachu", "Project Pikachu\Project Pikachu.vcxproj", "{F352410E-C3DE-4CB6-BD34-42076E9051BF}"
EndProject
Global
	GlobalSection(SolutionConfigurationPlatforms) = preSolution
		Debug|x64 = Debug|x64
		Debug|x86 = Debug|x86
		Release|x64 = Release|x64
		Release|x86 = Release|x86
	EndGlobalSection
	GlobalSection(ProjectConfigurationPlatforms) = postSolution
		{F352410E-C3DE-4CB6-BD34-42076E9051BF}.Debug|x64.ActiveCfg = Debug|x64
		{F352410E-C3DE-4CB6-BD34-42076E9051BF}.Debug|x64.Build.0 = Debug|x64
		{F352410E-C3DE-4CB6-BD34-42076E9051BF}.Debug|x86.ActiveCfg = Debug|Win32
		{F352410E-C3DE-4CB6-BD34-42076E9051BF}.Debug|x86.Build.0 = Debug|Win32
		{F352410E-C3DE-4CB6-BD34-42076E9051BF}.Release|x64.ActiveCfg = Release|x64
		{F352410E-C3DE-4CB6-BD34-42076E9051BF}.Release|x64.Build.0 = Release|x64
		{F352410E-C3DE-4CB6-BD34-42076E9051BF}.Release|x86.ActiveCfg = Release|Win32
		{F352410E-C3DE-4CB6-BD34-42076E9051BF}.Release|x86.Build.0 = Release|Win32
	EndGlobalSection
	GlobalSection(SolutionProperties) = preSolution
		HideSolutionNode = FALSE
	EndGlobalSection
	GlobalSection(ExtensibilityGlobals) = postSolution
		SolutionGuid = {1908D8FF-8AF6-4427-B314-41E19643CE6B}
	EndGlobalSection
EndGlobal
