<?xml version="1.0" encoding="utf-8"?>
<Project ToolsVersion="4.0" xmlns="http://schemas.microsoft.com/developer/msbuild/2003">
  <ItemGroup>
    <Filter Include="Source Files">
      <UniqueIdentifier>{4FC737F1-C7A5-4376-A066-2A32D752A2FF}</UniqueIdentifier>
      <Extensions>cpp;c;cc;cxx;c++;cppm;ixx;def;odl;idl;hpj;bat;asm;asmx</Extensions>
    </Filter>
    <Filter Include="Header Files">
      <UniqueIdentifier>{93995380-89BD-4b04-88EB-625FBE52EBFB}</UniqueIdentifier>
      <Extensions>h;hh;hpp;hxx;h++;hm;inl;inc;ipp;xsd</Extensions>
    </Filter>
    <Filter Include="Resource Files">
      <UniqueIdentifier>{67DA6AB6-F800-4c08-8B7A-83BB121AAD01}</UniqueIdentifier>
      <Extensions>rc;ico;cur;bmp;dlg;rc2;rct;bin;rgs;gif;jpg;jpeg;jpe;resx;tiff;tif;png;wav;mfcribbon-ms</Extensions>
    </Filter>
  </ItemGroup>
  <ItemGroup>
    <ClInclude Include="CheckNormal.h">
      <Filter>Header Files</Filter>
    </ClInclude>
    <ClInclude Include="InterfaceMenu_1.h">
      <Filter>Header Files</Filter>
    </ClInclude>
    <ClInclude Include="Credit.h">
      <Filter>Header Files</Filter>
    </ClInclude>
    <ClInclude Include="Players.h">
      <Filter>Header Files</Filter>
    </ClInclude>
    <ClInclude Include="NormalMap.h">
      <Filter>Header Files</Filter>
    </ClInclude>
    <ClInclude Include="EndingBackground.h">
      <Filter>Header Files</Filter>
    </ClInclude>
    <ClInclude Include="BinIO.h">
      <Filter>Header Files</Filter>
    </ClInclude>
    <ClInclude Include="Struct.h">
      <Filter>Header Files</Filter>
    </ClInclude>
    <ClInclude Include="CheckHard.h">
      <Filter>Header Files</Filter>
    </ClInclude>
    <ClInclude Include="HardMap.h">
      <Filter>Header Files</Filter>
    </ClInclude>
    <ClInclude Include="Tutorial.h">
      <Filter>Header Files</Filter>
    </ClInclude>
    <ClInclude Include="Clock.h">
      <Filter>Header Files</Filter>
    </ClInclude>
    <ClInclude Include="CustomMode.h">
      <Filter>Header Files</Filter>
    </ClInclude>
  </ItemGroup>
  <ItemGroup>
    <ClCompile Include="CheckNormal.cpp">
      <Filter>Resource Files</Filter>
    </ClCompile>
    <ClCompile Include="Source.cpp">
      <Filter>Source Files</Filter>
    </ClCompile>
    <ClCompile Include="InterfaceMenu_1.cpp">
      <Filter>Resource Files</Filter>
    </ClCompile>
    <ClCompile Include="Credit.cpp">
      <Filter>Resource Files</Filter>
    </ClCompile>
    <ClCompile Include="players.cpp">
      <Filter>Resource Files</Filter>
    </ClCompile>
    <ClCompile Include="NormalMap.cpp">
      <Filter>Resource Files</Filter>
    </ClCompile>
    <ClCompile Include="EndingBackground.cpp">
      <Filter>Resource Files</Filter>
    </ClCompile>
    <ClCompile Include="BinIO.cpp">
      <Filter>Resource Files</Filter>
    </ClCompile>
    <ClCompile Include="CheckHard.cpp">
      <Filter>Resource Files</Filter>
    </ClCompile>
    <ClCompile Include="HardMap.cpp">
      <Filter>Resource Files</Filter>
    </ClCompile>
    <ClCompile Include="Clock.cpp">
      <Filter>Resource Files</Filter>
    </ClCompile>
    <ClCompile Include="Tutorial.cpp">
      <Filter>Resource Files</Filter>
    </ClCompile>
    <ClCompile Include="CustomMode.cpp">
      <Filter>Resource Files</Filter>
    </ClCompile>
  </ItemGroup>
  <ItemGroup>
    <Text Include="Pikachu.txt">
      <Filter>Resource Files</Filter>
    </Text>
    <Text Include="Onix.txt">
      <Filter>Resource Files</Filter>
    </Text>
    <Text Include="Logo.txt">
      <Filter>Resource Files</Filter>
    </Text>
    <Text Include="LeaderBoard_Logo.txt">
      <Filter>Resource Files</Filter>
    </Text>
    <Text Include="LoseBG.txt">
      <Filter>Resource Files</Filter>
    </Text>
    <Text Include="Trophy_1.txt">
      <Filter>Resource Files</Filter>
    </Text>
    <Text Include="Winbackground.txt">
      <Filter>Resource Files</Filter>
    </Text>
    <Text Include="BG.txt">
      <Filter>Resource Files</Filter>
    </Text>
  </ItemGroup>
  <ItemGroup>
    <None Include="Leaderboard.bin">
      <Filter>Resource Files</Filter>
    </None>
  </ItemGroup>
</Project>